
Microsoft Visual Studio Solution File, Format Version 12.00
# Visual Studio Version 16
VisualStudioVersion = 16.0.31702.126
MinimumVisualStudioVersion = 10.0.40219.1
Project("{FAE04EC0-301F-11D3-BF4B-00C04F79EFBC}") = "WebApplication2", "WebApplication2.csproj", "{5597CD94-8A20-46B9-99E3-80DA91F25C30}"
EndProject
Global
	GlobalSection(SolutionConfigurationPlatforms) = preSolution
		Debug|Any CPU = Debug|Any CPU
		Release|Any CPU = Release|Any CPU
	EndGlobalSection
	GlobalSection(ProjectConfigurationPlatforms) = postSolution
		{5597CD94-8A20-46B9-99E3-80DA91F25C30}.Debug|Any CPU.ActiveCfg = Debug|Any CPU
		{5597CD94-8A20-46B9-99E3-80DA91F25C30}.Debug|Any CPU.Build.0 = Debug|Any CPU
		{5597CD94-8A20-46B9-99E3-80DA91F25C30}.Release|Any CPU.ActiveCfg = Release|Any CPU
		{5597CD94-8A20-46B9-99E3-80DA91F25C30}.Release|Any CPU.Build.0 = Release|Any CPU
	EndGlobalSection
	GlobalSection(SolutionProperties) = preSolution
		HideSolutionNode = FALSE
	EndGlobalSection
	GlobalSection(ExtensibilityGlobals) = postSolution
		SolutionGuid = {994EA5D2-50FF-47D6-A1E6-1395F01B1797}
	EndGlobalSection
EndGlobal
